// !$*UTF8*$!
{
	archiveVersion = 1;
	classes = {
	};
	objectVersion = 46;
	objects = {

/* Begin PBXBuildFile section */
		A60DD05618096D1B00038E19 /* main.cpp in Sources */ = {isa = PBXBuildFile; fileRef = A60DD05518096D1B00038E19 /* main.cpp */; };
		A60DD05818096D1B00038E19 /* eva.1 in CopyFiles */ = {isa = PBXBuildFile; fileRef = A60DD05718096D1B00038E19 /* eva.1 */; };
/* End PBXBuildFile section */

/* Begin PBXCopyFilesBuildPhase section */
		A60DD05018096D1B00038E19 /* CopyFiles */ = {
			isa = PBXCopyFilesBuildPhase;
			buildActionMask = 2147483647;
			dstPath = /usr/share/man/man1/;
			dstSubfolderSpec = 0;
			files = (
				A60DD05818096D1B00038E19 /* eva.1 in CopyFiles */,
			);
			runOnlyForDeploymentPostprocessing = 1;
		};
/* End PBXCopyFilesBuildPhase section */

/* Begin PBXFileReference section */
		A60DD05218096D1B00038E19 /* eva */ = {isa = PBXFileReference; explicitFileType = "compiled.mach-o.executable"; includeInIndex = 0; path = eva; sourceTree = BUILT_PRODUCTS_DIR; };
		A60DD05518096D1B00038E19 /* main.cpp */ = {isa = PBXFileReference; lastKnownFileType = sourcecode.cpp.cpp; path = main.cpp; sourceTree = "<group>"; };
		A60DD05718096D1B00038E19 /* eva.1 */ = {isa = PBXFileReference; lastKnownFileType = text.man; path = eva.1; sourceTree = "<group>"; };
/* End PBXFileReference section */

/* Begin PBXFrameworksBuildPhase section */
		A60DD04F18096D1B00038E19 /* Frameworks */ = {
			isa = PBXFrameworksBuildPhase;
			buildActionMask = 2147483647;
			files = (
			);
			runOnlyForDeploymentPostprocessing = 0;
		};
/* End PBXFrameworksBuildPhase section */

/* Begin PBXGroup section */
		A60DD04918096D1B00038E19 = {
			isa = PBXGroup;
			children = (
				A60DD05418096D1B00038E19 /* eva */,
				A60DD05318096D1B00038E19 /* Products */,
			);
			sourceTree = "<group>";
		};
		A60DD05318096D1B00038E19 /* Products */ = {
			isa = PBXGroup;
			children = (
				A60DD05218096D1B00038E19 /* eva */,
			);
			name = Products;
			sourceTree = "<group>";
		};
		A60DD05418096D1B00038E19 /* eva */ = {
			isa = PBXGroup;
			children = (
				A60DD05518096D1B00038E19 /* main.cpp */,
				A60DD05718096D1B00038E19 /* eva.1 */,
			);
			path = eva;
			sourceTree = "<group>";
		};
/* End PBXGroup section */

/* Begin PBXNativeTarget section */
		A60DD05118096D1B00038E19 /* eva */ = {
			isa = PBXNativeTarget;
			buildConfigurationList = A60DD05B18096D1B00038E19 /* Build configuration list for PBXNativeTarget "eva" */;
			buildPhases = (
				A60DD04E18096D1B00038E19 /* Sources */,
				A60DD04F18096D1B00038E19 /* Frameworks */,
				A60DD05018096D1B00038E19 /* CopyFiles */,
			);
			buildRules = (
			);
			dependencies = (
			);
			name = eva;
			productName = eva;
			productReference = A60DD05218096D1B00038E19 /* eva */;
			productType = "com.apple.product-type.tool";
		};
/* End PBXNativeTarget section */

/* Begin PBXProject section */
		A60DD04A18096D1B00038E19 /* Project object */ = {
			isa = PBXProject;
			attributes = {
				LastUpgradeCheck = 0500;
				ORGANIZATIONNAME = Evelina;
			};
			buildConfigurationList = A60DD04D18096D1B00038E19 /* Build configuration list for PBXProject "eva" */;
			compatibilityVersion = "Xcode 3.2";
			developmentRegion = English;
			hasScannedForEncodings = 0;
			knownRegions = (
				en,
			);
			mainGroup = A60DD04918096D1B00038E19;
			productRefGroup = A60DD05318096D1B00038E19 /* Products */;
			projectDirPath = "";
			projectRoot = "";
			targets = (
				A60DD05118096D1B00038E19 /* eva */,
			);
		};
/* End PBXProject section */

/* Begin PBXSourcesBuildPhase section */
		A60DD04E18096D1B00038E19 /* Sources */ = {
			isa = PBXSourcesBuildPhase;
			buildActionMask = 2147483647;
			files = (
				A60DD05618096D1B00038E19 /* main.cpp in Sources */,
			);
			runOnlyForDeploymentPostprocessing = 0;
		};
/* End PBXSourcesBuildPhase section */

/* Begin XCBuildConfiguration section */
		A60DD05918096D1B00038E19 /* Debug */ = {
			isa = XCBuildConfiguration;
			buildSettings = {
				ALWAYS_SEARCH_USER_PATHS = NO;
				CLANG_CXX_LANGUAGE_STANDARD = "gnu++0x";
				CLANG_CXX_LIBRARY = "libc++";
				CLANG_ENABLE_OBJC_ARC = YES;
				CLANG_WARN_BOOL_CONVERSION = YES;
				CLANG_WARN_CONSTANT_CONVERSION = YES;
				CLANG_WARN_DIRECT_OBJC_ISA_USAGE = YES_ERROR;
				CLANG_WARN_EMPTY_BODY = YES;
				CLANG_WARN_ENUM_CONVERSION = YES;
				CLANG_WARN_INT_CONVERSION = YES;
				CLANG_WARN_OBJC_ROOT_CLASS = YES_ERROR;
				CLANG_WARN__DUPLICATE_METHOD_MATCH = YES;
				COPY_PHASE_STRIP = NO;
				GCC_C_LANGUAGE_STANDARD = gnu99;
				GCC_DYNAMIC_NO_PIC = NO;
				GCC_ENABLE_OBJC_EXCEPTIONS = YES;
				GCC_OPTIMIZATION_LEVEL = 0;
				GCC_PREPROCESSOR_DEFINITIONS = (
					"DEBUG=1",
					"$(inherited)",
				);
				GCC_SYMBOLS_PRIVATE_EXTERN = NO;
				GCC_WARN_64_TO_32_BIT_CONVERSION = YES;
				GCC_WARN_ABOUT_RETURN_TYPE = YES_ERROR;
				GCC_WARN_UNDECLARED_SELECTOR = YES;
				GCC_WARN_UNINITIALIZED_AUTOS = YES;
				GCC_WARN_UNUSED_FUNCTION = YES;
				GCC_WARN_UNUSED_VARIABLE = YES;
				MACOSX_DEPLOYMENT_TARGET = 10.8;
				ONLY_ACTIVE_ARCH = YES;
				SDKROOT = macosx;
			};
			name = Debug;
		};
		A60DD05A18096D1B00038E19 /* Release */ = {
			isa = XCBuildConfiguration;
			buildSettings = {
				ALWAYS_SEARCH_USER_PATHS = NO;
				CLANG_CXX_LANGUAGE_STANDARD = "gnu++0x";
				CLANG_CXX_LIBRARY = "libc++";
				CLANG_ENABLE_OBJC_ARC = YES;
				CLANG_WARN_BOOL_CONVERSION = YES;
				CLANG_WARN_CONSTANT_CONVERSION = YES;
				CLANG_WARN_DIRECT_OBJC_ISA_USAGE = YES_ERROR;
				CLANG_WARN_EMPTY_BODY = YES;
				CLANG_WARN_ENUM_CONVERSION = YES;
				CLANG_WARN_INT_CONVERSION = YES;
				CLANG_WARN_OBJC_ROOT_CLASS = YES_ERROR;
				CLANG_WARN__DUPLICATE_METHOD_MATCH = YES;
				COPY_PHASE_STRIP = YES;
				DEBUG_INFORMATION_FORMAT = "dwarf-with-dsym";
				ENABLE_NS_ASSERTIONS = NO;
				GCC_C_LANGUAGE_STANDARD = gnu99;
				GCC_ENABLE_OBJC_EXCEPTIONS = YES;
				GCC_WARN_64_TO_32_BIT_CONVERSION = YES;
				GCC_WARN_ABOUT_RETURN_TYPE = YES_ERROR;
				GCC_WARN_UNDECLARED_SELECTOR = YES;
				GCC_WARN_UNINITIALIZED_AUTOS = YES;
				GCC_WARN_UNUSED_FUNCTION = YES;
				GCC_WARN_UNUSED_VARIABLE = YES;
				MACOSX_DEPLOYMENT_TARGET = 10.8;
				SDKROOT = macosx;
			};
			name = Release;
		};
		A60DD05C18096D1B00038E19 /* Debug */ = {
			isa = XCBuildConfiguration;
			buildSettings = {
				PRODUCT_NAME = "$(TARGET_NAME)";
			};
			name = Debug;
		};
		A60DD05D18096D1B00038E19 /* Release */ = {
			isa = XCBuildConfiguration;
			buildSettings = {
				PRODUCT_NAME = "$(TARGET_NAME)";
			};
			name = Release;
		};
/* End XCBuildConfiguration section */

/* Begin XCConfigurationList section */
		A60DD04D18096D1B00038E19 /* Build configuration list for PBXProject "eva" */ = {
			isa = XCConfigurationList;
			buildConfigurations = (
				A60DD05918096D1B00038E19 /* Debug */,
				A60DD05A18096D1B00038E19 /* Release */,
			);
			defaultConfigurationIsVisible = 0;
			defaultConfigurationName = Release;
		};
		A60DD05B18096D1B00038E19 /* Build configuration list for PBXNativeTarget "eva" */ = {
			isa = XCConfigurationList;
			buildConfigurations = (
				A60DD05C18096D1B00038E19 /* Debug */,
				A60DD05D18096D1B00038E19 /* Release */,
			);
			defaultConfigurationIsVisible = 0;
		};
/* End XCConfigurationList section */
	};
	rootObject = A60DD04A18096D1B00038E19 /* Project object */;
}
